
Microsoft Visual Studio Solution File, Format Version 12.00
# Visual Studio Version 17
VisualStudioVersion = 17.3.32929.385
MinimumVisualStudioVersion = 10.0.40219.1
Project("{FAE04EC0-301F-11D3-BF4B-00C04F79EFBC}") = "estadistica_gimnasio", "estadistica_gimnasio\estadistica_gimnasio.csproj", "{C22705C0-15DE-4364-9EE0-2AF6A34ACEC4}"
EndProject
Global
	GlobalSection(SolutionConfigurationPlatforms) = preSolution
		Debug|Any CPU = Debug|Any CPU
		Release|Any CPU = Release|Any CPU
	EndGlobalSection
	GlobalSection(ProjectConfigurationPlatforms) = postSolution
		{C22705C0-15DE-4364-9EE0-2AF6A34ACEC4}.Debug|Any CPU.ActiveCfg = Debug|Any CPU
		{C22705C0-15DE-4364-9EE0-2AF6A34ACEC4}.Debug|Any CPU.Build.0 = Debug|Any CPU
		{C22705C0-15DE-4364-9EE0-2AF6A34ACEC4}.Release|Any CPU.ActiveCfg = Release|Any CPU
		{C22705C0-15DE-4364-9EE0-2AF6A34ACEC4}.Release|Any CPU.Build.0 = Release|Any CPU
	EndGlobalSection
	GlobalSection(SolutionProperties) = preSolution
		HideSolutionNode = FALSE
	EndGlobalSection
	GlobalSection(ExtensibilityGlobals) = postSolution
		SolutionGuid = {C751F24E-8F89-4F83-82A0-59C3E012D33E}
	EndGlobalSection
EndGlobal
